// !$*UTF8*$!
{
	archiveVersion = 1;
	classes = {
	};
	objectVersion = 56;
	objects = {

/* Begin PBXBuildFile section */
		986333A92B3C86BB00338A71 /* DavalebaSwiftUI9App.swift in Sources */ = {isa = PBXBuildFile; fileRef = 986333A82B3C86BB00338A71 /* DavalebaSwiftUI9App.swift */; };
		986333AB2B3C86BB00338A71 /* NewsPageView.swift in Sources */ = {isa = PBXBuildFile; fileRef = 986333AA2B3C86BB00338A71 /* NewsPageView.swift */; };
		986333AD2B3C86BC00338A71 /* Assets.xcassets in Resources */ = {isa = PBXBuildFile; fileRef = 986333AC2B3C86BC00338A71 /* Assets.xcassets */; };
		986333B02B3C86BC00338A71 /* Preview Assets.xcassets in Resources */ = {isa = PBXBuildFile; fileRef = 986333AF2B3C86BC00338A71 /* Preview Assets.xcassets */; };
		986333B92B3C882200338A71 /* Model.swift in Sources */ = {isa = PBXBuildFile; fileRef = 986333B82B3C882200338A71 /* Model.swift */; };
		986333BC2B3C8FFE00338A71 /* Network.swift in Sources */ = {isa = PBXBuildFile; fileRef = 986333BB2B3C8FFE00338A71 /* Network.swift */; };
		986333BF2B3C904700338A71 /* NewsPageViewModel.swift in Sources */ = {isa = PBXBuildFile; fileRef = 986333BE2B3C904700338A71 /* NewsPageViewModel.swift */; };
		986395AC2B3CDA0A006BF3A4 /* UITableViewRepresentable.swift in Sources */ = {isa = PBXBuildFile; fileRef = 986395AB2B3CDA0A006BF3A4 /* UITableViewRepresentable.swift */; };
/* End PBXBuildFile section */

/* Begin PBXFileReference section */
		986333A52B3C86BB00338A71 /* DavalebaSwiftUI9.app */ = {isa = PBXFileReference; explicitFileType = wrapper.application; includeInIndex = 0; path = DavalebaSwiftUI9.app; sourceTree = BUILT_PRODUCTS_DIR; };
		986333A82B3C86BB00338A71 /* DavalebaSwiftUI9App.swift */ = {isa = PBXFileReference; lastKnownFileType = sourcecode.swift; path = DavalebaSwiftUI9App.swift; sourceTree = "<group>"; };
		986333AA2B3C86BB00338A71 /* NewsPageView.swift */ = {isa = PBXFileReference; lastKnownFileType = sourcecode.swift; path = NewsPageView.swift; sourceTree = "<group>"; };
		986333AC2B3C86BC00338A71 /* Assets.xcassets */ = {isa = PBXFileReference; lastKnownFileType = folder.assetcatalog; path = Assets.xcassets; sourceTree = "<group>"; };
		986333AF2B3C86BC00338A71 /* Preview Assets.xcassets */ = {isa = PBXFileReference; lastKnownFileType = folder.assetcatalog; path = "Preview Assets.xcassets"; sourceTree = "<group>"; };
		986333B82B3C882200338A71 /* Model.swift */ = {isa = PBXFileReference; lastKnownFileType = sourcecode.swift; path = Model.swift; sourceTree = "<group>"; };
		986333BB2B3C8FFE00338A71 /* Network.swift */ = {isa = PBXFileReference; lastKnownFileType = sourcecode.swift; path = Network.swift; sourceTree = "<group>"; };
		986333BE2B3C904700338A71 /* NewsPageViewModel.swift */ = {isa = PBXFileReference; lastKnownFileType = sourcecode.swift; path = NewsPageViewModel.swift; sourceTree = "<group>"; };
		986395AB2B3CDA0A006BF3A4 /* UITableViewRepresentable.swift */ = {isa = PBXFileReference; lastKnownFileType = sourcecode.swift; path = UITableViewRepresentable.swift; sourceTree = "<group>"; };
/* End PBXFileReference section */

/* Begin PBXFrameworksBuildPhase section */
		986333A22B3C86BB00338A71 /* Frameworks */ = {
			isa = PBXFrameworksBuildPhase;
			buildActionMask = 2147483647;
			files = (
			);
			runOnlyForDeploymentPostprocessing = 0;
		};
/* End PBXFrameworksBuildPhase section */

/* Begin PBXGroup section */
		9863339C2B3C86BB00338A71 = {
			isa = PBXGroup;
			children = (
				986333A72B3C86BB00338A71 /* DavalebaSwiftUI9 */,
				986333A62B3C86BB00338A71 /* Products */,
			);
			sourceTree = "<group>";
		};
		986333A62B3C86BB00338A71 /* Products */ = {
			isa = PBXGroup;
			children = (
				986333A52B3C86BB00338A71 /* DavalebaSwiftUI9.app */,
			);
			name = Products;
			sourceTree = "<group>";
		};
		986333A72B3C86BB00338A71 /* DavalebaSwiftUI9 */ = {
			isa = PBXGroup;
			children = (
				986333B62B3C879600338A71 /* App */,
				986333B72B3C87DE00338A71 /* Scenes */,
				986333BA2B3C882500338A71 /* Model */,
				986333BD2B3C900600338A71 /* NetworkLayer */,
				986333AC2B3C86BC00338A71 /* Assets.xcassets */,
				986333AE2B3C86BC00338A71 /* Preview Content */,
			);
			path = DavalebaSwiftUI9;
			sourceTree = "<group>";
		};
		986333AE2B3C86BC00338A71 /* Preview Content */ = {
			isa = PBXGroup;
			children = (
				986333AF2B3C86BC00338A71 /* Preview Assets.xcassets */,
			);
			path = "Preview Content";
			sourceTree = "<group>";
		};
		986333B62B3C879600338A71 /* App */ = {
			isa = PBXGroup;
			children = (
				986333A82B3C86BB00338A71 /* DavalebaSwiftUI9App.swift */,
			);
			path = App;
			sourceTree = "<group>";
		};
		986333B72B3C87DE00338A71 /* Scenes */ = {
			isa = PBXGroup;
			children = (
				986333AA2B3C86BB00338A71 /* NewsPageView.swift */,
				986333BE2B3C904700338A71 /* NewsPageViewModel.swift */,
				986395AB2B3CDA0A006BF3A4 /* UITableViewRepresentable.swift */,
			);
			path = Scenes;
			sourceTree = "<group>";
		};
		986333BA2B3C882500338A71 /* Model */ = {
			isa = PBXGroup;
			children = (
				986333B82B3C882200338A71 /* Model.swift */,
			);
			path = Model;
			sourceTree = "<group>";
		};
		986333BD2B3C900600338A71 /* NetworkLayer */ = {
			isa = PBXGroup;
			children = (
				986333BB2B3C8FFE00338A71 /* Network.swift */,
			);
			path = NetworkLayer;
			sourceTree = "<group>";
		};
/* End PBXGroup section */

/* Begin PBXNativeTarget section */
		986333A42B3C86BB00338A71 /* DavalebaSwiftUI9 */ = {
			isa = PBXNativeTarget;
			buildConfigurationList = 986333B32B3C86BC00338A71 /* Build configuration list for PBXNativeTarget "DavalebaSwiftUI9" */;
			buildPhases = (
				986333A12B3C86BB00338A71 /* Sources */,
				986333A22B3C86BB00338A71 /* Frameworks */,
				986333A32B3C86BB00338A71 /* Resources */,
			);
			buildRules = (
			);
			dependencies = (
			);
			name = DavalebaSwiftUI9;
			productName = DavalebaSwiftUI9;
			productReference = 986333A52B3C86BB00338A71 /* DavalebaSwiftUI9.app */;
			productType = "com.apple.product-type.application";
		};
/* End PBXNativeTarget section */

/* Begin PBXProject section */
		9863339D2B3C86BB00338A71 /* Project object */ = {
			isa = PBXProject;
			attributes = {
				BuildIndependentTargetsInParallel = 1;
				LastSwiftUpdateCheck = 1500;
				LastUpgradeCheck = 1500;
				TargetAttributes = {
					986333A42B3C86BB00338A71 = {
						CreatedOnToolsVersion = 15.0.1;
					};
				};
			};
			buildConfigurationList = 986333A02B3C86BB00338A71 /* Build configuration list for PBXProject "DavalebaSwiftUI9" */;
			compatibilityVersion = "Xcode 14.0";
			developmentRegion = en;
			hasScannedForEncodings = 0;
			knownRegions = (
				en,
				Base,
			);
			mainGroup = 9863339C2B3C86BB00338A71;
			productRefGroup = 986333A62B3C86BB00338A71 /* Products */;
			projectDirPath = "";
			projectRoot = "";
			targets = (
				986333A42B3C86BB00338A71 /* DavalebaSwiftUI9 */,
			);
		};
/* End PBXProject section */

/* Begin PBXResourcesBuildPhase section */
		986333A32B3C86BB00338A71 /* Resources */ = {
			isa = PBXResourcesBuildPhase;
			buildActionMask = 2147483647;
			files = (
				986333B02B3C86BC00338A71 /* Preview Assets.xcassets in Resources */,
				986333AD2B3C86BC00338A71 /* Assets.xcassets in Resources */,
			);
			runOnlyForDeploymentPostprocessing = 0;
		};
/* End PBXResourcesBuildPhase section */

/* Begin PBXSourcesBuildPhase section */
		986333A12B3C86BB00338A71 /* Sources */ = {
			isa = PBXSourcesBuildPhase;
			buildActionMask = 2147483647;
			files = (
				986333BF2B3C904700338A71 /* NewsPageViewModel.swift in Sources */,
				986333B92B3C882200338A71 /* Model.swift in Sources */,
				986395AC2B3CDA0A006BF3A4 /* UITableViewRepresentable.swift in Sources */,
				986333AB2B3C86BB00338A71 /* NewsPageView.swift in Sources */,
				986333BC2B3C8FFE00338A71 /* Network.swift in Sources */,
				986333A92B3C86BB00338A71 /* DavalebaSwiftUI9App.swift in Sources */,
			);
			runOnlyForDeploymentPostprocessing = 0;
		};
/* End PBXSourcesBuildPhase section */

/* Begin XCBuildConfiguration section */
		986333B12B3C86BC00338A71 /* Debug */ = {
			isa = XCBuildConfiguration;
			buildSettings = {
				ALWAYS_SEARCH_USER_PATHS = NO;
				ASSETCATALOG_COMPILER_GENERATE_SWIFT_ASSET_SYMBOL_EXTENSIONS = YES;
				CLANG_ANALYZER_NONNULL = YES;
				CLANG_ANALYZER_NUMBER_OBJECT_CONVERSION = YES_AGGRESSIVE;
				CLANG_CXX_LANGUAGE_STANDARD = "gnu++20";
				CLANG_ENABLE_MODULES = YES;
				CLANG_ENABLE_OBJC_ARC = YES;
				CLANG_ENABLE_OBJC_WEAK = YES;
				CLANG_WARN_BLOCK_CAPTURE_AUTORELEASING = YES;
				CLANG_WARN_BOOL_CONVERSION = YES;
				CLANG_WARN_COMMA = YES;
				CLANG_WARN_CONSTANT_CONVERSION = YES;
				CLANG_WARN_DEPRECATED_OBJC_IMPLEMENTATIONS = YES;
				CLANG_WARN_DIRECT_OBJC_ISA_USAGE = YES_ERROR;
				CLANG_WARN_DOCUMENTATION_COMMENTS = YES;
				CLANG_WARN_EMPTY_BODY = YES;
				CLANG_WARN_ENUM_CONVERSION = YES;
				CLANG_WARN_INFINITE_RECURSION = YES;
				CLANG_WARN_INT_CONVERSION = YES;
				CLANG_WARN_NON_LITERAL_NULL_CONVERSION = YES;
				CLANG_WARN_OBJC_IMPLICIT_RETAIN_SELF = YES;
				CLANG_WARN_OBJC_LITERAL_CONVERSION = YES;
				CLANG_WARN_OBJC_ROOT_CLASS = YES_ERROR;
				CLANG_WARN_QUOTED_INCLUDE_IN_FRAMEWORK_HEADER = YES;
				CLANG_WARN_RANGE_LOOP_ANALYSIS = YES;
				CLANG_WARN_STRICT_PROTOTYPES = YES;
				CLANG_WARN_SUSPICIOUS_MOVE = YES;
				CLANG_WARN_UNGUARDED_AVAILABILITY = YES_AGGRESSIVE;
				CLANG_WARN_UNREACHABLE_CODE = YES;
				CLANG_WARN__DUPLICATE_METHOD_MATCH = YES;
				COPY_PHASE_STRIP = NO;
				DEBUG_INFORMATION_FORMAT = dwarf;
				ENABLE_STRICT_OBJC_MSGSEND = YES;
				ENABLE_TESTABILITY = YES;
				ENABLE_USER_SCRIPT_SANDBOXING = YES;
				GCC_C_LANGUAGE_STANDARD = gnu17;
				GCC_DYNAMIC_NO_PIC = NO;
				GCC_NO_COMMON_BLOCKS = YES;
				GCC_OPTIMIZATION_LEVEL = 0;
				GCC_PREPROCESSOR_DEFINITIONS = (
					"DEBUG=1",
					"$(inherited)",
				);
				GCC_WARN_64_TO_32_BIT_CONVERSION = YES;
				GCC_WARN_ABOUT_RETURN_TYPE = YES_ERROR;
				GCC_WARN_UNDECLARED_SELECTOR = YES;
				GCC_WARN_UNINITIALIZED_AUTOS = YES_AGGRESSIVE;
				GCC_WARN_UNUSED_FUNCTION = YES;
				GCC_WARN_UNUSED_VARIABLE = YES;
				IPHONEOS_DEPLOYMENT_TARGET = 17.0;
				LOCALIZATION_PREFERS_STRING_CATALOGS = YES;
				MTL_ENABLE_DEBUG_INFO = INCLUDE_SOURCE;
				MTL_FAST_MATH = YES;
				ONLY_ACTIVE_ARCH = YES;
				SDKROOT = iphoneos;
				SWIFT_ACTIVE_COMPILATION_CONDITIONS = "DEBUG $(inherited)";
				SWIFT_OPTIMIZATION_LEVEL = "-Onone";
			};
			name = Debug;
		};
		986333B22B3C86BC00338A71 /* Release */ = {
			isa = XCBuildConfiguration;
			buildSettings = {
				ALWAYS_SEARCH_USER_PATHS = NO;
				ASSETCATALOG_COMPILER_GENERATE_SWIFT_ASSET_SYMBOL_EXTENSIONS = YES;
				CLANG_ANALYZER_NONNULL = YES;
				CLANG_ANALYZER_NUMBER_OBJECT_CONVERSION = YES_AGGRESSIVE;
				CLANG_CXX_LANGUAGE_STANDARD = "gnu++20";
				CLANG_ENABLE_MODULES = YES;
				CLANG_ENABLE_OBJC_ARC = YES;
				CLANG_ENABLE_OBJC_WEAK = YES;
				CLANG_WARN_BLOCK_CAPTURE_AUTORELEASING = YES;
				CLANG_WARN_BOOL_CONVERSION = YES;
				CLANG_WARN_COMMA = YES;
				CLANG_WARN_CONSTANT_CONVERSION = YES;
				CLANG_WARN_DEPRECATED_OBJC_IMPLEMENTATIONS = YES;
				CLANG_WARN_DIRECT_OBJC_ISA_USAGE = YES_ERROR;
				CLANG_WARN_DOCUMENTATION_COMMENTS = YES;
				CLANG_WARN_EMPTY_BODY = YES;
				CLANG_WARN_ENUM_CONVERSION = YES;
				CLANG_WARN_INFINITE_RECURSION = YES;
				CLANG_WARN_INT_CONVERSION = YES;
				CLANG_WARN_NON_LITERAL_NULL_CONVERSION = YES;
				CLANG_WARN_OBJC_IMPLICIT_RETAIN_SELF = YES;
				CLANG_WARN_OBJC_LITERAL_CONVERSION = YES;
				CLANG_WARN_OBJC_ROOT_CLASS = YES_ERROR;
				CLANG_WARN_QUOTED_INCLUDE_IN_FRAMEWORK_HEADER = YES;
				CLANG_WARN_RANGE_LOOP_ANALYSIS = YES;
				CLANG_WARN_STRICT_PROTOTYPES = YES;
				CLANG_WARN_SUSPICIOUS_MOVE = YES;
				CLANG_WARN_UNGUARDED_AVAILABILITY = YES_AGGRESSIVE;
				CLANG_WARN_UNREACHABLE_CODE = YES;
				CLANG_WARN__DUPLICATE_METHOD_MATCH = YES;
				COPY_PHASE_STRIP = NO;
				DEBUG_INFORMATION_FORMAT = "dwarf-with-dsym";
				ENABLE_NS_ASSERTIONS = NO;
				ENABLE_STRICT_OBJC_MSGSEND = YES;
				ENABLE_USER_SCRIPT_SANDBOXING = YES;
				GCC_C_LANGUAGE_STANDARD = gnu17;
				GCC_NO_COMMON_BLOCKS = YES;
				GCC_WARN_64_TO_32_BIT_CONVERSION = YES;
				GCC_WARN_ABOUT_RETURN_TYPE = YES_ERROR;
				GCC_WARN_UNDECLARED_SELECTOR = YES;
				GCC_WARN_UNINITIALIZED_AUTOS = YES_AGGRESSIVE;
				GCC_WARN_UNUSED_FUNCTION = YES;
				GCC_WARN_UNUSED_VARIABLE = YES;
				IPHONEOS_DEPLOYMENT_TARGET = 17.0;
				LOCALIZATION_PREFERS_STRING_CATALOGS = YES;
				MTL_ENABLE_DEBUG_INFO = NO;
				MTL_FAST_MATH = YES;
				SDKROOT = iphoneos;
				SWIFT_COMPILATION_MODE = wholemodule;
				VALIDATE_PRODUCT = YES;
			};
			name = Release;
		};
		986333B42B3C86BC00338A71 /* Debug */ = {
			isa = XCBuildConfiguration;
			buildSettings = {
				ASSETCATALOG_COMPILER_APPICON_NAME = AppIcon;
				ASSETCATALOG_COMPILER_GLOBAL_ACCENT_COLOR_NAME = AccentColor;
				CODE_SIGN_STYLE = Automatic;
				CURRENT_PROJECT_VERSION = 1;
				DEVELOPMENT_ASSET_PATHS = "\"DavalebaSwiftUI9/Preview Content\"";
				ENABLE_PREVIEWS = YES;
				GENERATE_INFOPLIST_FILE = YES;
				INFOPLIST_KEY_UIApplicationSceneManifest_Generation = YES;
				INFOPLIST_KEY_UIApplicationSupportsIndirectInputEvents = YES;
				INFOPLIST_KEY_UILaunchScreen_Generation = YES;
				INFOPLIST_KEY_UISupportedInterfaceOrientations_iPad = "UIInterfaceOrientationPortrait UIInterfaceOrientationPortraitUpsideDown UIInterfaceOrientationLandscapeLeft UIInterfaceOrientationLandscapeRight";
				INFOPLIST_KEY_UISupportedInterfaceOrientations_iPhone = "UIInterfaceOrientationPortrait UIInterfaceOrientationLandscapeLeft UIInterfaceOrientationLandscapeRight";
				LD_RUNPATH_SEARCH_PATHS = (
					"$(inherited)",
					"@executable_path/Frameworks",
				);
				MARKETING_VERSION = 1.0;
				PRODUCT_BUNDLE_IDENTIFIER = ge.academy.objectDetection.DavalebaSwiftUI9;
				PRODUCT_NAME = "$(TARGET_NAME)";
				SWIFT_EMIT_LOC_STRINGS = YES;
				SWIFT_VERSION = 5.0;
				TARGETED_DEVICE_FAMILY = "1,2";
			};
			name = Debug;
		};
		986333B52B3C86BC00338A71 /* Release */ = {
			isa = XCBuildConfiguration;
			buildSettings = {
				ASSETCATALOG_COMPILER_APPICON_NAME = AppIcon;
				ASSETCATALOG_COMPILER_GLOBAL_ACCENT_COLOR_NAME = AccentColor;
				CODE_SIGN_STYLE = Automatic;
				CURRENT_PROJECT_VERSION = 1;
				DEVELOPMENT_ASSET_PATHS = "\"DavalebaSwiftUI9/Preview Content\"";
				ENABLE_PREVIEWS = YES;
				GENERATE_INFOPLIST_FILE = YES;
				INFOPLIST_KEY_UIApplicationSceneManifest_Generation = YES;
				INFOPLIST_KEY_UIApplicationSupportsIndirectInputEvents = YES;
				INFOPLIST_KEY_UILaunchScreen_Generation = YES;
				INFOPLIST_KEY_UISupportedInterfaceOrientations_iPad = "UIInterfaceOrientationPortrait UIInterfaceOrientationPortraitUpsideDown UIInterfaceOrientationLandscapeLeft UIInterfaceOrientationLandscapeRight";
				INFOPLIST_KEY_UISupportedInterfaceOrientations_iPhone = "UIInterfaceOrientationPortrait UIInterfaceOrientationLandscapeLeft UIInterfaceOrientationLandscapeRight";
				LD_RUNPATH_SEARCH_PATHS = (
					"$(inherited)",
					"@executable_path/Frameworks",
				);
				MARKETING_VERSION = 1.0;
				PRODUCT_BUNDLE_IDENTIFIER = ge.academy.objectDetection.DavalebaSwiftUI9;
				PRODUCT_NAME = "$(TARGET_NAME)";
				SWIFT_EMIT_LOC_STRINGS = YES;
				SWIFT_VERSION = 5.0;
				TARGETED_DEVICE_FAMILY = "1,2";
			};
			name = Release;
		};
/* End XCBuildConfiguration section */

/* Begin XCConfigurationList section */
		986333A02B3C86BB00338A71 /* Build configuration list for PBXProject "DavalebaSwiftUI9" */ = {
			isa = XCConfigurationList;
			buildConfigurations = (
				986333B12B3C86BC00338A71 /* Debug */,
				986333B22B3C86BC00338A71 /* Release */,
			);
			defaultConfigurationIsVisible = 0;
			defaultConfigurationName = Release;
		};
		986333B32B3C86BC00338A71 /* Build configuration list for PBXNativeTarget "DavalebaSwiftUI9" */ = {
			isa = XCConfigurationList;
			buildConfigurations = (
				986333B42B3C86BC00338A71 /* Debug */,
				986333B52B3C86BC00338A71 /* Release */,
			);
			defaultConfigurationIsVisible = 0;
			defaultConfigurationName = Release;
		};
/* End XCConfigurationList section */
	};
	rootObject = 9863339D2B3C86BB00338A71 /* Project object */;
}
